
Microsoft Visual Studio Solution File, Format Version 12.00
# Visual Studio Version 16
VisualStudioVersion = 16.0.30907.101
MinimumVisualStudioVersion = 10.0.40219.1
Project("{FAE04EC0-301F-11D3-BF4B-00C04F79EFBC}") = "OvertimeManager.MVC5.Web", "src\OvertimeManager.MVC5.Web\OvertimeManager.MVC5.Web.csproj", "{3E5A7A04-CEBB-401B-8FF6-CFA072A2C334}"
EndProject
Global
	GlobalSection(SolutionConfigurationPlatforms) = preSolution
		Debug|Any CPU = Debug|Any CPU
		Release|Any CPU = Release|Any CPU
	EndGlobalSection
	GlobalSection(ProjectConfigurationPlatforms) = postSolution
		{3E5A7A04-CEBB-401B-8FF6-CFA072A2C334}.Debug|Any CPU.ActiveCfg = Debug|Any CPU
		{3E5A7A04-CEBB-401B-8FF6-CFA072A2C334}.Debug|Any CPU.Build.0 = Debug|Any CPU
		{3E5A7A04-CEBB-401B-8FF6-CFA072A2C334}.Release|Any CPU.ActiveCfg = Release|Any CPU
		{3E5A7A04-CEBB-401B-8FF6-CFA072A2C334}.Release|Any CPU.Build.0 = Release|Any CPU
	EndGlobalSection
	GlobalSection(SolutionProperties) = preSolution
		HideSolutionNode = FALSE
	EndGlobalSection
	GlobalSection(ExtensibilityGlobals) = postSolution
		SolutionGuid = {C6D98B95-FD09-4378-BC7B-04D16EB08162}
	EndGlobalSection
EndGlobal
